
Microsoft Visual Studio Solution File, Format Version 12.00
# Visual Studio Version 16
VisualStudioVersion = 16.0.30523.141
MinimumVisualStudioVersion = 10.0.40219.1
Project("{8BC9CEB8-8B4A-11D0-8D11-00A0C91BC942}") = "client", "client\client.vcxproj", "{C57ACBAA-6C53-4E96-A428-7CCB8F157FED}"
EndProject
Global
	GlobalSection(SolutionConfigurationPlatforms) = preSolution
		Debug|x64 = Debug|x64
		Debug|x86 = Debug|x86
		Release|x64 = Release|x64
		Release|x86 = Release|x86
	EndGlobalSection
	GlobalSection(ProjectConfigurationPlatforms) = postSolution
		{C57ACBAA-6C53-4E96-A428-7CCB8F157FED}.Debug|x64.ActiveCfg = Debug|x64
		{C57ACBAA-6C53-4E96-A428-7CCB8F157FED}.Debug|x64.Build.0 = Debug|x64
		{C57ACBAA-6C53-4E96-A428-7CCB8F157FED}.Debug|x86.ActiveCfg = Debug|Win32
		{C57ACBAA-6C53-4E96-A428-7CCB8F157FED}.Debug|x86.Build.0 = Debug|Win32
		{C57ACBAA-6C53-4E96-A428-7CCB8F157FED}.Release|x64.ActiveCfg = Release|x64
		{C57ACBAA-6C53-4E96-A428-7CCB8F157FED}.Release|x64.Build.0 = Release|x64
		{C57ACBAA-6C53-4E96-A428-7CCB8F157FED}.Release|x86.ActiveCfg = Release|Win32
		{C57ACBAA-6C53-4E96-A428-7CCB8F157FED}.Release|x86.Build.0 = Release|Win32
	EndGlobalSection
	GlobalSection(SolutionProperties) = preSolution
		HideSolutionNode = FALSE
	EndGlobalSection
	GlobalSection(ExtensibilityGlobals) = postSolution
		SolutionGuid = {7D2911EA-6713-4340-9F65-93FB1D03C576}
	EndGlobalSection
EndGlobal
